
Microsoft Visual Studio Solution File, Format Version 12.00
# Visual Studio Version 16
VisualStudioVersion = 16.0.31205.134
MinimumVisualStudioVersion = 10.0.40219.1
Project("{FAE04EC0-301F-11D3-BF4B-00C04F79EFBC}") = "TestovoeZadanie", "TestovoeZadanie\TestovoeZadanie.csproj", "{4042D231-348B-4C79-A87D-FC7A7E214FCA}"
EndProject
Global
	GlobalSection(SolutionConfigurationPlatforms) = preSolution
		Debug|Any CPU = Debug|Any CPU
		Release|Any CPU = Release|Any CPU
	EndGlobalSection
	GlobalSection(ProjectConfigurationPlatforms) = postSolution
		{4042D231-348B-4C79-A87D-FC7A7E214FCA}.Debug|Any CPU.ActiveCfg = Debug|Any CPU
		{4042D231-348B-4C79-A87D-FC7A7E214FCA}.Debug|Any CPU.Build.0 = Debug|Any CPU
		{4042D231-348B-4C79-A87D-FC7A7E214FCA}.Release|Any CPU.ActiveCfg = Release|Any CPU
		{4042D231-348B-4C79-A87D-FC7A7E214FCA}.Release|Any CPU.Build.0 = Release|Any CPU
	EndGlobalSection
	GlobalSection(SolutionProperties) = preSolution
		HideSolutionNode = FALSE
	EndGlobalSection
	GlobalSection(ExtensibilityGlobals) = postSolution
		SolutionGuid = {777EE751-337A-4EB8-A6EC-C408C6FFC510}
	EndGlobalSection
EndGlobal
